
Microsoft Visual Studio Solution File, Format Version 12.00
# Visual Studio Version 16
VisualStudioVersion = 16.0.30114.105
MinimumVisualStudioVersion = 10.0.40219.1
Project("{FAE04EC0-301F-11D3-BF4B-00C04F79EFBC}") = "eda-fundamentals.Order.Domain", "eda-fundamentals.Order.Domain\eda-fundamentals.Order.Domain.csproj", "{60B0752E-EC22-4DFC-983C-0CFD4685585F}"
EndProject
Project("{FAE04EC0-301F-11D3-BF4B-00C04F79EFBC}") = "eda-fundamentals.Clearance.Domain", "eda-fundamentals.Clearance.Domain\eda-fundamentals.Clearance.Domain.csproj", "{00A325F7-C767-4D17-87DF-659F113A2DB2}"
EndProject
Project("{FAE04EC0-301F-11D3-BF4B-00C04F79EFBC}") = "eda-fundamentals.Shared", "eda-fundamentals.Shared\eda-fundamentals.Shared.csproj", "{5B6FF7FA-DED1-4497-B830-592183513A87}"
EndProject
Project("{FAE04EC0-301F-11D3-BF4B-00C04F79EFBC}") = "eda-fundamentals.Receipt.Domain", "eda-fundamentals.Receipt.Domain\eda-fundamentals.Receipt.Domain.csproj", "{4EBC46C7-BC00-46EB-8F02-0C53E8C3B0F9}"
EndProject
Project("{FAE04EC0-301F-11D3-BF4B-00C04F79EFBC}") = "eda-fundamentals.Order.Infra", "eda-fundamentals.Order.Infra\eda-fundamentals.Order.Infra.csproj", "{E7362EF2-22A3-4F17-9069-4AD6BBFF8F8D}"
EndProject
Global
	GlobalSection(SolutionConfigurationPlatforms) = preSolution
		Debug|Any CPU = Debug|Any CPU
		Release|Any CPU = Release|Any CPU
	EndGlobalSection
	GlobalSection(SolutionProperties) = preSolution
		HideSolutionNode = FALSE
	EndGlobalSection
	GlobalSection(ProjectConfigurationPlatforms) = postSolution
		{60B0752E-EC22-4DFC-983C-0CFD4685585F}.Debug|Any CPU.ActiveCfg = Debug|Any CPU
		{60B0752E-EC22-4DFC-983C-0CFD4685585F}.Debug|Any CPU.Build.0 = Debug|Any CPU
		{60B0752E-EC22-4DFC-983C-0CFD4685585F}.Release|Any CPU.ActiveCfg = Release|Any CPU
		{60B0752E-EC22-4DFC-983C-0CFD4685585F}.Release|Any CPU.Build.0 = Release|Any CPU
		{00A325F7-C767-4D17-87DF-659F113A2DB2}.Debug|Any CPU.ActiveCfg = Debug|Any CPU
		{00A325F7-C767-4D17-87DF-659F113A2DB2}.Debug|Any CPU.Build.0 = Debug|Any CPU
		{00A325F7-C767-4D17-87DF-659F113A2DB2}.Release|Any CPU.ActiveCfg = Release|Any CPU
		{00A325F7-C767-4D17-87DF-659F113A2DB2}.Release|Any CPU.Build.0 = Release|Any CPU
		{5B6FF7FA-DED1-4497-B830-592183513A87}.Debug|Any CPU.ActiveCfg = Debug|Any CPU
		{5B6FF7FA-DED1-4497-B830-592183513A87}.Debug|Any CPU.Build.0 = Debug|Any CPU
		{5B6FF7FA-DED1-4497-B830-592183513A87}.Release|Any CPU.ActiveCfg = Release|Any CPU
		{5B6FF7FA-DED1-4497-B830-592183513A87}.Release|Any CPU.Build.0 = Release|Any CPU
		{4EBC46C7-BC00-46EB-8F02-0C53E8C3B0F9}.Debug|Any CPU.ActiveCfg = Debug|Any CPU
		{4EBC46C7-BC00-46EB-8F02-0C53E8C3B0F9}.Debug|Any CPU.Build.0 = Debug|Any CPU
		{4EBC46C7-BC00-46EB-8F02-0C53E8C3B0F9}.Release|Any CPU.ActiveCfg = Release|Any CPU
		{4EBC46C7-BC00-46EB-8F02-0C53E8C3B0F9}.Release|Any CPU.Build.0 = Release|Any CPU
		{E7362EF2-22A3-4F17-9069-4AD6BBFF8F8D}.Debug|Any CPU.ActiveCfg = Debug|Any CPU
		{E7362EF2-22A3-4F17-9069-4AD6BBFF8F8D}.Debug|Any CPU.Build.0 = Debug|Any CPU
		{E7362EF2-22A3-4F17-9069-4AD6BBFF8F8D}.Release|Any CPU.ActiveCfg = Release|Any CPU
		{E7362EF2-22A3-4F17-9069-4AD6BBFF8F8D}.Release|Any CPU.Build.0 = Release|Any CPU
	EndGlobalSection
EndGlobal
